
Microsoft Visual Studio Solution File, Format Version 12.00
# Visual Studio Version 17
VisualStudioVersion = 17.10.34928.147
MinimumVisualStudioVersion = 10.0.40219.1
Project("{FAE04EC0-301F-11D3-BF4B-00C04F79EFBC}") = "BlazorHybridApp", "BlazorHybridApp\BlazorHybridApp.csproj", "{FDF21729-D6BE-4541-AF30-9A41F375A337}"
EndProject
Global
	GlobalSection(SolutionConfigurationPlatforms) = preSolution
		Debug|Any CPU = Debug|Any CPU
		Release|Any CPU = Release|Any CPU
	EndGlobalSection
	GlobalSection(ProjectConfigurationPlatforms) = postSolution
		{FDF21729-D6BE-4541-AF30-9A41F375A337}.Debug|Any CPU.ActiveCfg = Debug|Any CPU
		{FDF21729-D6BE-4541-AF30-9A41F375A337}.Debug|Any CPU.Build.0 = Debug|Any CPU
		{FDF21729-D6BE-4541-AF30-9A41F375A337}.Debug|Any CPU.Deploy.0 = Debug|Any CPU
		{FDF21729-D6BE-4541-AF30-9A41F375A337}.Release|Any CPU.ActiveCfg = Release|Any CPU
		{FDF21729-D6BE-4541-AF30-9A41F375A337}.Release|Any CPU.Build.0 = Release|Any CPU
		{FDF21729-D6BE-4541-AF30-9A41F375A337}.Release|Any CPU.Deploy.0 = Release|Any CPU
	EndGlobalSection
	GlobalSection(SolutionProperties) = preSolution
		HideSolutionNode = FALSE
	EndGlobalSection
	GlobalSection(ExtensibilityGlobals) = postSolution
		SolutionGuid = {478D1C30-63F5-4882-B2A0-C4F5FFB6F5F0}
	EndGlobalSection
EndGlobal
